{
    "_readme": [
        "This file locks the dependencies of your project to a known state",
        "Read more about it at https://getcomposer.org/doc/01-basic-usage.md#composer-lock-the-lock-file",
        "This file is @generated automatically"
    ],
    "hash": "775d321c8365bfc5c41d00c38203683a",
    "content-hash": "19d48bf957262579da11aca8a4a823c1",
    "packages": [
        {
            "name": "elbiniou-phi",
            "version": "dev-master",
            "source": {
                "type": "git",
                "url": "https://github.com/ElBiniou/phi.git",
                "reference": "671993ff99f840707da2205aca1778ebf52913f2"
            },
            "dist": {
                "type": "zip",
                "url": "https://api.github.com/repos/ElBiniou/phi/zipball/671993ff99f840707da2205aca1778ebf52913f2",
                "reference": "671993ff99f840707da2205aca1778ebf52913f2",
                "shasum": ""
            },
            "type": "library",
            "autoload": {
                "files": [
                    "bootstrap.php"
                ]
            },
            "description": "A framework for people who don't like frameworks",
            "support": {
                "source": "https://github.com/ElBiniou/phi/tree/master",
                "issues": "https://github.com/ElBiniou/phi/issues"
            },
            "time": "2016-05-10 15:55:46"
        }
    ],
    "packages-dev": [],
    "aliases": [],
    "minimum-stability": "stable",
    "stability-flags": {
        "elbiniou-phi": 20
    },
    "prefer-stable": false,
    "prefer-lowest": false,
    "platform": [],
    "platform-dev": []
}
